
Microsoft Visual Studio Solution File, Format Version 12.00
# Visual Studio Version 17
VisualStudioVersion = 17.10.35013.160
MinimumVisualStudioVersion = 10.0.40219.1
Project("{FAE04EC0-301F-11D3-BF4B-00C04F79EFBC}") = "ProjetRabanovG3", "ProjetRabanovG3\ProjetRabanovG3.csproj", "{09D467E7-11F3-4D57-8244-D618BE5179AA}"
EndProject
Global
	GlobalSection(SolutionConfigurationPlatforms) = preSolution
		Debug|Any CPU = Debug|Any CPU
		Release|Any CPU = Release|Any CPU
	EndGlobalSection
	GlobalSection(ProjectConfigurationPlatforms) = postSolution
		{09D467E7-11F3-4D57-8244-D618BE5179AA}.Debug|Any CPU.ActiveCfg = Debug|Any CPU
		{09D467E7-11F3-4D57-8244-D618BE5179AA}.Debug|Any CPU.Build.0 = Debug|Any CPU
		{09D467E7-11F3-4D57-8244-D618BE5179AA}.Release|Any CPU.ActiveCfg = Release|Any CPU
		{09D467E7-11F3-4D57-8244-D618BE5179AA}.Release|Any CPU.Build.0 = Release|Any CPU
	EndGlobalSection
	GlobalSection(SolutionProperties) = preSolution
		HideSolutionNode = FALSE
	EndGlobalSection
	GlobalSection(ExtensibilityGlobals) = postSolution
		SolutionGuid = {A0ADBFC9-3353-457B-8788-4793003010F2}
	EndGlobalSection
EndGlobal
